
Microsoft Visual Studio Solution File, Format Version 12.00
# Visual Studio Version 16
VisualStudioVersion = 16.0.31729.503
MinimumVisualStudioVersion = 10.0.40219.1
Project("{FAE04EC0-301F-11D3-BF4B-00C04F79EFBC}") = "ConsoleApp1", "ConsoleApp1\ConsoleApp1.csproj", "{80AB82CE-6C79-4A5A-8C8C-78E63147C9A5}"
EndProject
Global
	GlobalSection(SolutionConfigurationPlatforms) = preSolution
		Debug|Any CPU = Debug|Any CPU
		Release|Any CPU = Release|Any CPU
	EndGlobalSection
	GlobalSection(ProjectConfigurationPlatforms) = postSolution
		{80AB82CE-6C79-4A5A-8C8C-78E63147C9A5}.Debug|Any CPU.ActiveCfg = Debug|Any CPU
		{80AB82CE-6C79-4A5A-8C8C-78E63147C9A5}.Debug|Any CPU.Build.0 = Debug|Any CPU
		{80AB82CE-6C79-4A5A-8C8C-78E63147C9A5}.Release|Any CPU.ActiveCfg = Release|Any CPU
		{80AB82CE-6C79-4A5A-8C8C-78E63147C9A5}.Release|Any CPU.Build.0 = Release|Any CPU
	EndGlobalSection
	GlobalSection(SolutionProperties) = preSolution
		HideSolutionNode = FALSE
	EndGlobalSection
	GlobalSection(ExtensibilityGlobals) = postSolution
		SolutionGuid = {488AA38A-8432-44F6-A91B-95FCD756C1EC}
	EndGlobalSection
EndGlobal
